
Microsoft Visual Studio Solution File, Format Version 12.00
# Visual Studio Version 16
VisualStudioVersion = 16.0.29709.97
MinimumVisualStudioVersion = 10.0.40219.1
Project("{FAE04EC0-301F-11D3-BF4B-00C04F79EFBC}") = "SecondRPG", "SecondRPG\SecondRPG.csproj", "{92B23365-A777-426D-99C3-2924A735222D}"
EndProject
Global
	GlobalSection(SolutionConfigurationPlatforms) = preSolution
		Debug|Any CPU = Debug|Any CPU
		Release|Any CPU = Release|Any CPU
	EndGlobalSection
	GlobalSection(ProjectConfigurationPlatforms) = postSolution
		{92B23365-A777-426D-99C3-2924A735222D}.Debug|Any CPU.ActiveCfg = Debug|Any CPU
		{92B23365-A777-426D-99C3-2924A735222D}.Debug|Any CPU.Build.0 = Debug|Any CPU
		{92B23365-A777-426D-99C3-2924A735222D}.Release|Any CPU.ActiveCfg = Release|Any CPU
		{92B23365-A777-426D-99C3-2924A735222D}.Release|Any CPU.Build.0 = Release|Any CPU
	EndGlobalSection
	GlobalSection(SolutionProperties) = preSolution
		HideSolutionNode = FALSE
	EndGlobalSection
	GlobalSection(ExtensibilityGlobals) = postSolution
		SolutionGuid = {68876F81-D68A-4877-8FD2-09101D1E417C}
	EndGlobalSection
EndGlobal
